
Microsoft Visual Studio Solution File, Format Version 12.00
# Visual Studio 15
VisualStudioVersion = 15.0.27703.2042
MinimumVisualStudioVersion = 10.0.40219.1
Project("{8BC9CEB8-8B4A-11D0-8D11-00A0C91BC942}") = "Serial_Project", "ConsoleApplication1\ConsoleApplication1.vcxproj", "{3B14BBA8-1FA8-42CB-AEF4-724D120E3A65}"
EndProject
Global
	GlobalSection(Performance) = preSolution
		HasPerformanceSessions = true
	EndGlobalSection
	GlobalSection(SolutionConfigurationPlatforms) = preSolution
		Debug|x64 = Debug|x64
		Debug|x86 = Debug|x86
		Release|x64 = Release|x64
		Release|x86 = Release|x86
	EndGlobalSection
	GlobalSection(ProjectConfigurationPlatforms) = postSolution
		{3B14BBA8-1FA8-42CB-AEF4-724D120E3A65}.Debug|x64.ActiveCfg = Debug|x64
		{3B14BBA8-1FA8-42CB-AEF4-724D120E3A65}.Debug|x64.Build.0 = Debug|x64
		{3B14BBA8-1FA8-42CB-AEF4-724D120E3A65}.Debug|x86.ActiveCfg = Debug|Win32
		{3B14BBA8-1FA8-42CB-AEF4-724D120E3A65}.Debug|x86.Build.0 = Debug|Win32
		{3B14BBA8-1FA8-42CB-AEF4-724D120E3A65}.Release|x64.ActiveCfg = Release|x64
		{3B14BBA8-1FA8-42CB-AEF4-724D120E3A65}.Release|x64.Build.0 = Release|x64
		{3B14BBA8-1FA8-42CB-AEF4-724D120E3A65}.Release|x86.ActiveCfg = Release|Win32
		{3B14BBA8-1FA8-42CB-AEF4-724D120E3A65}.Release|x86.Build.0 = Release|Win32
	EndGlobalSection
	GlobalSection(SolutionProperties) = preSolution
		HideSolutionNode = FALSE
	EndGlobalSection
	GlobalSection(ExtensibilityGlobals) = postSolution
		SolutionGuid = {0537509E-024D-4F34-AD78-2A74BDBF63FA}
	EndGlobalSection
EndGlobal
